# Generated by pub
# See http://pub.dartlang.org/doc/glossary.html#lockfile
packages:
  Pixi2dart:
    description:
      path: "../Pixi2dart"
      relative: true
    source: path
    version: "0.0.1"
  box2d:
    description: box2d
    source: hosted
    version: "0.1.7"
  browser:
    description: browser
    source: hosted
    version: "0.10.0+2"
  js:
    description: js
    source: hosted
    version: "0.2.2"
  vector_math:
    description: vector_math
    source: hosted
    version: "1.4.3"
