# Generated by pub
# See http://pub.dartlang.org/doc/glossary.html#lockfile
packages:
  box2d:
    description:
      name: box2d
      url: "https://pub.dartlang.org"
    source: hosted
    version: "0.3.0"
  browser:
    description:
      name: browser
      url: "https://pub.dartlang.org"
    source: hosted
    version: "0.10.0+2"
  js:
    description:
      name: js
      url: "https://pub.dartlang.org"
    source: hosted
    version: "0.6.0"
  pixi2dart:
    description:
      path: "../pixi2dart"
      relative: true
    source: path
    version: "0.0.1"
  vector_math:
    description:
      name: vector_math
      url: "https://pub.dartlang.org"
    source: hosted
    version: "2.0.1"
sdk: ">=1.13.0 <2.0.0"
